# This file is automatically @generated by Cargo.
# It is not intended for manual editing.
version = 4

[[package]]
name = "ox-api"
version = "0.1.0"

[[package]]
name = "ox-api-macros"
version = "0.1.0"

[[package]]
name = "ox-editor"
version = "0.1.0"

[[package]]
name = "ox-eval"
version = "0.1.0"

[[package]]
name = "ox-excmd"
version = "0.1.0"

[[package]]
name = "ox-loop"
version = "0.1.0"

[[package]]
name = "ox-lua"
version = "0.1.0"

[[package]]
name = "ox-regex"
version = "0.1.0"

[[package]]
name = "ox-rpc"
version = "0.1.0"

[[package]]
name = "ox-text"
version = "0.1.0"

[[package]]
name = "ox-tui"
version = "0.1.0"

[[package]]
name = "ox-types"
version = "0.1.0"

[[package]]
name = "ox-ui"
version = "0.1.0"

[[package]]
name = "ox-uv"
version = "0.1.0"

[[package]]
name = "oxvim"
version = "0.1.0"
